
Microsoft Visual Studio Solution File, Format Version 12.00
# Visual Studio Version 17
VisualStudioVersion = 17.0.31903.59
MinimumVisualStudioVersion = 10.0.40219.1
Project("{2150E333-8FDC-42A3-9474-1A3956D46DE8}") = "src", "src", "{67FD5B4E-FFF1-4C0D-B539-B2A10A62D818}"
EndProject
Project("{FAE04EC0-301F-11D3-BF4B-00C04F79EFBC}") = "TaxMate.API", "src\TaxMate.API\TaxMate.API.csproj", "{31A31862-A7CC-46B9-9339-BD29D958C2FC}"
EndProject
Project("{FAE04EC0-301F-11D3-BF4B-00C04F79EFBC}") = "TaxMate.Service", "src\TaxMate.Service\TaxMate.Service.csproj", "{87F106C7-E77F-4575-8BAF-43FA01B6D0C0}"
EndProject
Project("{FAE04EC0-301F-11D3-BF4B-00C04F79EFBC}") = "TaxMate.Repository", "src\TaxMate.Repository\TaxMate.Repository.csproj", "{573C31E6-7D01-42A0-AEE2-2A0A7AC32E92}"
EndProject
Project("{FAE04EC0-301F-11D3-BF4B-00C04F79EFBC}") = "TaxMate.Model", "src\TaxMate.Model\TaxMate.Model.csproj", "{00E1AC32-4D66-445C-BF8C-7507C1C9664E}"
EndProject
Project("{FAE04EC0-301F-11D3-BF4B-00C04F79EFBC}") = "TaxMate.Infrastructure", "src\TaxMate.Infrastructure\TaxMate.Infrastructure.csproj", "{E62F4618-3634-4BC0-8D97-39E390E944CF}"
EndProject
Project("{2150E333-8FDC-42A3-9474-1A3956D46DE8}") = "tests", "tests", "{0AB3BF05-4346-4AA6-1389-037BE0695223}"
EndProject
Project("{FAE04EC0-301F-11D3-BF4B-00C04F79EFBC}") = "TaxMate.Service.Tests", "tests\TaxMate.Service.Tests\TaxMate.Service.Tests.csproj", "{B3606FD1-FC2C-4056-9AED-77087F11E5BD}"
EndProject
Global
	GlobalSection(SolutionConfigurationPlatforms) = preSolution
		Debug|Any CPU = Debug|Any CPU
		Debug|x64 = Debug|x64
		Debug|x86 = Debug|x86
		Release|Any CPU = Release|Any CPU
		Release|x64 = Release|x64
		Release|x86 = Release|x86
	EndGlobalSection
	GlobalSection(ProjectConfigurationPlatforms) = postSolution
		{31A31862-A7CC-46B9-9339-BD29D958C2FC}.Debug|Any CPU.ActiveCfg = Debug|Any CPU
		{31A31862-A7CC-46B9-9339-BD29D958C2FC}.Debug|Any CPU.Build.0 = Debug|Any CPU
		{31A31862-A7CC-46B9-9339-BD29D958C2FC}.Debug|x64.ActiveCfg = Debug|Any CPU
		{31A31862-A7CC-46B9-9339-BD29D958C2FC}.Debug|x64.Build.0 = Debug|Any CPU
		{31A31862-A7CC-46B9-9339-BD29D958C2FC}.Debug|x86.ActiveCfg = Debug|Any CPU
		{31A31862-A7CC-46B9-9339-BD29D958C2FC}.Debug|x86.Build.0 = Debug|Any CPU
		{31A31862-A7CC-46B9-9339-BD29D958C2FC}.Release|Any CPU.ActiveCfg = Release|Any CPU
		{31A31862-A7CC-46B9-9339-BD29D958C2FC}.Release|Any CPU.Build.0 = Release|Any CPU
		{31A31862-A7CC-46B9-9339-BD29D958C2FC}.Release|x64.ActiveCfg = Release|Any CPU
		{31A31862-A7CC-46B9-9339-BD29D958C2FC}.Release|x64.Build.0 = Release|Any CPU
		{31A31862-A7CC-46B9-9339-BD29D958C2FC}.Release|x86.ActiveCfg = Release|Any CPU
		{31A31862-A7CC-46B9-9339-BD29D958C2FC}.Release|x86.Build.0 = Release|Any CPU
		{87F106C7-E77F-4575-8BAF-43FA01B6D0C0}.Debug|Any CPU.ActiveCfg = Debug|Any CPU
		{87F106C7-E77F-4575-8BAF-43FA01B6D0C0}.Debug|Any CPU.Build.0 = Debug|Any CPU
		{87F106C7-E77F-4575-8BAF-43FA01B6D0C0}.Debug|x64.ActiveCfg = Debug|Any CPU
		{87F106C7-E77F-4575-8BAF-43FA01B6D0C0}.Debug|x64.Build.0 = Debug|Any CPU
		{87F106C7-E77F-4575-8BAF-43FA01B6D0C0}.Debug|x86.ActiveCfg = Debug|Any CPU
		{87F106C7-E77F-4575-8BAF-43FA01B6D0C0}.Debug|x86.Build.0 = Debug|Any CPU
		{87F106C7-E77F-4575-8BAF-43FA01B6D0C0}.Release|Any CPU.ActiveCfg = Release|Any CPU
		{87F106C7-E77F-4575-8BAF-43FA01B6D0C0}.Release|Any CPU.Build.0 = Release|Any CPU
		{87F106C7-E77F-4575-8BAF-43FA01B6D0C0}.Release|x64.ActiveCfg = Release|Any CPU
		{87F106C7-E77F-4575-8BAF-43FA01B6D0C0}.Release|x64.Build.0 = Release|Any CPU
		{87F106C7-E77F-4575-8BAF-43FA01B6D0C0}.Release|x86.ActiveCfg = Release|Any CPU
		{87F106C7-E77F-4575-8BAF-43FA01B6D0C0}.Release|x86.Build.0 = Release|Any CPU
		{573C31E6-7D01-42A0-AEE2-2A0A7AC32E92}.Debug|Any CPU.ActiveCfg = Debug|Any CPU
		{573C31E6-7D01-42A0-AEE2-2A0A7AC32E92}.Debug|Any CPU.Build.0 = Debug|Any CPU
		{573C31E6-7D01-42A0-AEE2-2A0A7AC32E92}.Debug|x64.ActiveCfg = Debug|Any CPU
		{573C31E6-7D01-42A0-AEE2-2A0A7AC32E92}.Debug|x64.Build.0 = Debug|Any CPU
		{573C31E6-7D01-42A0-AEE2-2A0A7AC32E92}.Debug|x86.ActiveCfg = Debug|Any CPU
		{573C31E6-7D01-42A0-AEE2-2A0A7AC32E92}.Debug|x86.Build.0 = Debug|Any CPU
		{573C31E6-7D01-42A0-AEE2-2A0A7AC32E92}.Release|Any CPU.ActiveCfg = Release|Any CPU
		{573C31E6-7D01-42A0-AEE2-2A0A7AC32E92}.Release|Any CPU.Build.0 = Release|Any CPU
		{573C31E6-7D01-42A0-AEE2-2A0A7AC32E92}.Release|x64.ActiveCfg = Release|Any CPU
		{573C31E6-7D01-42A0-AEE2-2A0A7AC32E92}.Release|x64.Build.0 = Release|Any CPU
		{573C31E6-7D01-42A0-AEE2-2A0A7AC32E92}.Release|x86.ActiveCfg = Release|Any CPU
		{573C31E6-7D01-42A0-AEE2-2A0A7AC32E92}.Release|x86.Build.0 = Release|Any CPU
		{00E1AC32-4D66-445C-BF8C-7507C1C9664E}.Debug|Any CPU.ActiveCfg = Debug|Any CPU
		{00E1AC32-4D66-445C-BF8C-7507C1C9664E}.Debug|Any CPU.Build.0 = Debug|Any CPU
		{00E1AC32-4D66-445C-BF8C-7507C1C9664E}.Debug|x64.ActiveCfg = Debug|Any CPU
		{00E1AC32-4D66-445C-BF8C-7507C1C9664E}.Debug|x64.Build.0 = Debug|Any CPU
		{00E1AC32-4D66-445C-BF8C-7507C1C9664E}.Debug|x86.ActiveCfg = Debug|Any CPU
		{00E1AC32-4D66-445C-BF8C-7507C1C9664E}.Debug|x86.Build.0 = Debug|Any CPU
		{00E1AC32-4D66-445C-BF8C-7507C1C9664E}.Release|Any CPU.ActiveCfg = Release|Any CPU
		{00E1AC32-4D66-445C-BF8C-7507C1C9664E}.Release|Any CPU.Build.0 = Release|Any CPU
		{00E1AC32-4D66-445C-BF8C-7507C1C9664E}.Release|x64.ActiveCfg = Release|Any CPU
		{00E1AC32-4D66-445C-BF8C-7507C1C9664E}.Release|x64.Build.0 = Release|Any CPU
		{00E1AC32-4D66-445C-BF8C-7507C1C9664E}.Release|x86.ActiveCfg = Release|Any CPU
		{00E1AC32-4D66-445C-BF8C-7507C1C9664E}.Release|x86.Build.0 = Release|Any CPU
		{E62F4618-3634-4BC0-8D97-39E390E944CF}.Debug|Any CPU.ActiveCfg = Debug|Any CPU
		{E62F4618-3634-4BC0-8D97-39E390E944CF}.Debug|Any CPU.Build.0 = Debug|Any CPU
		{E62F4618-3634-4BC0-8D97-39E390E944CF}.Debug|x64.ActiveCfg = Debug|Any CPU
		{E62F4618-3634-4BC0-8D97-39E390E944CF}.Debug|x64.Build.0 = Debug|Any CPU
		{E62F4618-3634-4BC0-8D97-39E390E944CF}.Debug|x86.ActiveCfg = Debug|Any CPU
		{E62F4618-3634-4BC0-8D97-39E390E944CF}.Debug|x86.Build.0 = Debug|Any CPU
		{E62F4618-3634-4BC0-8D97-39E390E944CF}.Release|Any CPU.ActiveCfg = Release|Any CPU
		{E62F4618-3634-4BC0-8D97-39E390E944CF}.Release|Any CPU.Build.0 = Release|Any CPU
		{E62F4618-3634-4BC0-8D97-39E390E944CF}.Release|x64.ActiveCfg = Release|Any CPU
		{E62F4618-3634-4BC0-8D97-39E390E944CF}.Release|x64.Build.0 = Release|Any CPU
		{E62F4618-3634-4BC0-8D97-39E390E944CF}.Release|x86.ActiveCfg = Release|Any CPU
		{E62F4618-3634-4BC0-8D97-39E390E944CF}.Release|x86.Build.0 = Release|Any CPU
		{B3606FD1-FC2C-4056-9AED-77087F11E5BD}.Debug|Any CPU.ActiveCfg = Debug|Any CPU
		{B3606FD1-FC2C-4056-9AED-77087F11E5BD}.Debug|Any CPU.Build.0 = Debug|Any CPU
		{B3606FD1-FC2C-4056-9AED-77087F11E5BD}.Debug|x64.ActiveCfg = Debug|Any CPU
		{B3606FD1-FC2C-4056-9AED-77087F11E5BD}.Debug|x64.Build.0 = Debug|Any CPU
		{B3606FD1-FC2C-4056-9AED-77087F11E5BD}.Debug|x86.ActiveCfg = Debug|Any CPU
		{B3606FD1-FC2C-4056-9AED-77087F11E5BD}.Debug|x86.Build.0 = Debug|Any CPU
		{B3606FD1-FC2C-4056-9AED-77087F11E5BD}.Release|Any CPU.ActiveCfg = Release|Any CPU
		{B3606FD1-FC2C-4056-9AED-77087F11E5BD}.Release|Any CPU.Build.0 = Release|Any CPU
		{B3606FD1-FC2C-4056-9AED-77087F11E5BD}.Release|x64.ActiveCfg = Release|Any CPU
		{B3606FD1-FC2C-4056-9AED-77087F11E5BD}.Release|x64.Build.0 = Release|Any CPU
		{B3606FD1-FC2C-4056-9AED-77087F11E5BD}.Release|x86.ActiveCfg = Release|Any CPU
		{B3606FD1-FC2C-4056-9AED-77087F11E5BD}.Release|x86.Build.0 = Release|Any CPU
	EndGlobalSection
	GlobalSection(SolutionProperties) = preSolution
		HideSolutionNode = FALSE
	EndGlobalSection
	GlobalSection(NestedProjects) = preSolution
		{31A31862-A7CC-46B9-9339-BD29D958C2FC} = {67FD5B4E-FFF1-4C0D-B539-B2A10A62D818}
		{87F106C7-E77F-4575-8BAF-43FA01B6D0C0} = {67FD5B4E-FFF1-4C0D-B539-B2A10A62D818}
		{573C31E6-7D01-42A0-AEE2-2A0A7AC32E92} = {67FD5B4E-FFF1-4C0D-B539-B2A10A62D818}
		{00E1AC32-4D66-445C-BF8C-7507C1C9664E} = {67FD5B4E-FFF1-4C0D-B539-B2A10A62D818}
		{E62F4618-3634-4BC0-8D97-39E390E944CF} = {67FD5B4E-FFF1-4C0D-B539-B2A10A62D818}
		{B3606FD1-FC2C-4056-9AED-77087F11E5BD} = {0AB3BF05-4346-4AA6-1389-037BE0695223}
	EndGlobalSection
EndGlobal
